{
  "pins" : [
    {
      "identity" : "ambassador",
      "kind" : "remoteSourceControl",
      "location" : "https://github.com/envoy/Ambassador.git",
      "state" : {
        "revision" : "447cf56f692999153bd261b1775ea4a58f7f7be9",
        "version" : "4.0.5"
      }
    },
    {
      "identity" : "cocoaasyncsocket",
      "kind" : "remoteSourceControl",
      "location" : "https://github.com/robbiehanson/CocoaAsyncSocket.git",
      "state" : {
        "revision" : "dbdc00669c1ced63b27c3c5f052ee4d28f10150c",
        "version" : "7.6.5"
      }
    },
    {
      "identity" : "embassy",
      "kind" : "remoteSourceControl",
      "location" : "https://github.com/envoy/Embassy.git",
      "state" : {
        "revision" : "72e53b2b76023556febdfe0cf5bc8d64018f9c18",
        "version" : "4.1.4"
      }
    },
    {
      "identity" : "httpparserc",
      "kind" : "remoteSourceControl",
      "location" : "https://github.com/Building42/HTTPParserC.git",
      "state" : {
        "revision" : "75f12587ccf3296827d3f97e2a69a5865acc4d98",
        "version" : "2.9.4"
      }
    },
    {
      "identity" : "telegraph",
      "kind" : "remoteSourceControl",
      "location" : "https://github.com/Building42/Telegraph.git",
      "state" : {
        "revision" : "94b4a4b2d4466cba9fc08c93f6ff365b8124a81c",
        "version" : "0.30.0"
      }
    }
  ],
  "version" : 2
}
