{
  "pins" : [
    {
      "identity" : "ambassador",
      "kind" : "remoteSourceControl",
      "location" : "https://github.com/envoy/Ambassador",
      "state" : {
        "revision" : "447cf56f692999153bd261b1775ea4a58f7f7be9",
        "version" : "4.0.5"
      }
    },
    {
      "identity" : "embassy",
      "kind" : "remoteSourceControl",
      "location" : "https://github.com/envoy/Embassy.git",
      "state" : {
        "revision" : "8469f2c1b334a7c1c3566e2cb2f97826c7cca898",
        "version" : "4.1.6"
      }
    },
    {
      "identity" : "perfect-thread",
      "kind" : "remoteSourceControl",
      "location" : "https://github.com/PerfectlySoft/Perfect-Thread.git",
      "state" : {
        "revision" : "a50b9a33f08fce638f33ae3121613fe499cc23ec",
        "version" : "3.0.7"
      }
    },
    {
      "identity" : "swift-argument-parser",
      "kind" : "remoteSourceControl",
      "location" : "https://github.com/apple/swift-argument-parser",
      "state" : {
        "revision" : "41982a3656a71c768319979febd796c6fd111d5c",
        "version" : "1.5.0"
      }
    },
    {
      "identity" : "swiftcron",
      "kind" : "remoteSourceControl",
      "location" : "https://github.com/rymcol/SwiftCron.git",
      "state" : {
        "branch" : "master",
        "revision" : "b2f1845dd442c37928109f5d9125916f167e3982"
      }
    }
  ],
  "version" : 2
}
